
Microsoft Visual Studio Solution File, Format Version 12.00
# Visual Studio Version 17
VisualStudioVersion = 17.8.34330.188
MinimumVisualStudioVersion = 10.0.40219.1
Project("{FAE04EC0-301F-11D3-BF4B-00C04F79EFBC}") = "MovieStoreApplication", "MovieStoreApplication\MovieStoreApplication.csproj", "{7643DE3D-76CE-40EE-8E0A-77F7C8F60514}"
EndProject
Global
	GlobalSection(SolutionConfigurationPlatforms) = preSolution
		Debug|Any CPU = Debug|Any CPU
		Release|Any CPU = Release|Any CPU
	EndGlobalSection
	GlobalSection(ProjectConfigurationPlatforms) = postSolution
		{7643DE3D-76CE-40EE-8E0A-77F7C8F60514}.Debug|Any CPU.ActiveCfg = Debug|Any CPU
		{7643DE3D-76CE-40EE-8E0A-77F7C8F60514}.Debug|Any CPU.Build.0 = Debug|Any CPU
		{7643DE3D-76CE-40EE-8E0A-77F7C8F60514}.Release|Any CPU.ActiveCfg = Release|Any CPU
		{7643DE3D-76CE-40EE-8E0A-77F7C8F60514}.Release|Any CPU.Build.0 = Release|Any CPU
	EndGlobalSection
	GlobalSection(SolutionProperties) = preSolution
		HideSolutionNode = FALSE
	EndGlobalSection
	GlobalSection(ExtensibilityGlobals) = postSolution
		SolutionGuid = {10FEB07E-3740-45F3-BF19-7639927B9A6B}
	EndGlobalSection
EndGlobal
